
Microsoft Visual Studio Solution File, Format Version 12.00
# Visual Studio Version 17
VisualStudioVersion = 17.3.32819.101
MinimumVisualStudioVersion = 10.0.40219.1
Project("{FAE04EC0-301F-11D3-BF4B-00C04F79EFBC}") = "Koleksiyonlar-Soru-1", "Koleksiyonlar-Soru-1\Koleksiyonlar-Soru-1.csproj", "{100D6E94-00D0-4342-860D-0B9A0C61453D}"
EndProject
Global
	GlobalSection(SolutionConfigurationPlatforms) = preSolution
		Debug|Any CPU = Debug|Any CPU
		Release|Any CPU = Release|Any CPU
	EndGlobalSection
	GlobalSection(ProjectConfigurationPlatforms) = postSolution
		{100D6E94-00D0-4342-860D-0B9A0C61453D}.Debug|Any CPU.ActiveCfg = Debug|Any CPU
		{100D6E94-00D0-4342-860D-0B9A0C61453D}.Debug|Any CPU.Build.0 = Debug|Any CPU
		{100D6E94-00D0-4342-860D-0B9A0C61453D}.Release|Any CPU.ActiveCfg = Release|Any CPU
		{100D6E94-00D0-4342-860D-0B9A0C61453D}.Release|Any CPU.Build.0 = Release|Any CPU
	EndGlobalSection
	GlobalSection(SolutionProperties) = preSolution
		HideSolutionNode = FALSE
	EndGlobalSection
	GlobalSection(ExtensibilityGlobals) = postSolution
		SolutionGuid = {F3D811B8-8B56-471F-9469-006EEE226C08}
	EndGlobalSection
EndGlobal
